
Microsoft Visual Studio Solution File, Format Version 12.00
# Visual Studio Version 17
VisualStudioVersion = 17.13.35818.85 d17.13
MinimumVisualStudioVersion = 10.0.40219.1
Project("{8BC9CEB8-8B4A-11D0-8D11-00A0C91BC942}") = "Kyliukh_OOP_01", "Kyliukh_OOP_01\Kyliukh_OOP_01.vcxproj", "{8D4F1D33-1C27-4E88-8B94-6A8D7F60D026}"
EndProject
Global
	GlobalSection(SolutionConfigurationPlatforms) = preSolution
		Debug|ARM64 = Debug|ARM64
		Debug|x64 = Debug|x64
		Debug|x86 = Debug|x86
		Release|ARM64 = Release|ARM64
		Release|x64 = Release|x64
		Release|x86 = Release|x86
	EndGlobalSection
	GlobalSection(ProjectConfigurationPlatforms) = postSolution
		{8D4F1D33-1C27-4E88-8B94-6A8D7F60D026}.Debug|ARM64.ActiveCfg = Debug|ARM64
		{8D4F1D33-1C27-4E88-8B94-6A8D7F60D026}.Debug|ARM64.Build.0 = Debug|ARM64
		{8D4F1D33-1C27-4E88-8B94-6A8D7F60D026}.Debug|x64.ActiveCfg = Debug|x64
		{8D4F1D33-1C27-4E88-8B94-6A8D7F60D026}.Debug|x64.Build.0 = Debug|x64
		{8D4F1D33-1C27-4E88-8B94-6A8D7F60D026}.Debug|x86.ActiveCfg = Debug|Win32
		{8D4F1D33-1C27-4E88-8B94-6A8D7F60D026}.Debug|x86.Build.0 = Debug|Win32
		{8D4F1D33-1C27-4E88-8B94-6A8D7F60D026}.Release|ARM64.ActiveCfg = Release|ARM64
		{8D4F1D33-1C27-4E88-8B94-6A8D7F60D026}.Release|ARM64.Build.0 = Release|ARM64
		{8D4F1D33-1C27-4E88-8B94-6A8D7F60D026}.Release|x64.ActiveCfg = Release|x64
		{8D4F1D33-1C27-4E88-8B94-6A8D7F60D026}.Release|x64.Build.0 = Release|x64
		{8D4F1D33-1C27-4E88-8B94-6A8D7F60D026}.Release|x86.ActiveCfg = Release|Win32
		{8D4F1D33-1C27-4E88-8B94-6A8D7F60D026}.Release|x86.Build.0 = Release|Win32
	EndGlobalSection
	GlobalSection(SolutionProperties) = preSolution
		HideSolutionNode = FALSE
	EndGlobalSection
	GlobalSection(ExtensibilityGlobals) = postSolution
		SolutionGuid = {6DF54CD8-0CAB-4F27-A84E-6722181E5FB4}
	EndGlobalSection
EndGlobal
